// !$*UTF8*$!
{
	archiveVersion = 1;
	classes = {
	};
	objectVersion = 56;
	objects = {

/* Begin PBXBuildFile section */
		321D6B372B8383DA005ADCCC /* PasswordInputView.swift in Sources */ = {isa = PBXBuildFile; fileRef = 321D6B362B8383DA005ADCCC /* PasswordInputView.swift */; };
		321D6B3A2B8385D5005ADCCC /* View+extension.swift in Sources */ = {isa = PBXBuildFile; fileRef = 321D6B392B8385D5005ADCCC /* View+extension.swift */; };
		321D6B3E2B838945005ADCCC /* EmailInputView.swift in Sources */ = {isa = PBXBuildFile; fileRef = 321D6B3D2B838945005ADCCC /* EmailInputView.swift */; };
		326B3C2D2B826A520031F888 /* LogInView.swift in Sources */ = {isa = PBXBuildFile; fileRef = 326B3C2C2B826A520031F888 /* LogInView.swift */; };
		326D21622B7F74F00057E19A /* AppDelegate.swift in Sources */ = {isa = PBXBuildFile; fileRef = 326D21612B7F74F00057E19A /* AppDelegate.swift */; };
		326D21642B7F74F00057E19A /* SceneDelegate.swift in Sources */ = {isa = PBXBuildFile; fileRef = 326D21632B7F74F00057E19A /* SceneDelegate.swift */; };
		326D21662B7F74F00057E19A /* WelocomeViewController.swift in Sources */ = {isa = PBXBuildFile; fileRef = 326D21652B7F74F00057E19A /* WelocomeViewController.swift */; };
		326D216B2B7F74F50057E19A /* Assets.xcassets in Resources */ = {isa = PBXBuildFile; fileRef = 326D216A2B7F74F50057E19A /* Assets.xcassets */; };
		326D216E2B7F74F50057E19A /* LaunchScreen.storyboard in Resources */ = {isa = PBXBuildFile; fileRef = 326D216C2B7F74F50057E19A /* LaunchScreen.storyboard */; };
		326D217A2B7F77360057E19A /* WelcomeView.swift in Sources */ = {isa = PBXBuildFile; fileRef = 326D21792B7F77350057E19A /* WelcomeView.swift */; };
		326D217C2B7F7A8C0057E19A /* UIConstants.swift in Sources */ = {isa = PBXBuildFile; fileRef = 326D217B2B7F7A8C0057E19A /* UIConstants.swift */; };
		326D21842B7F7C7D0057E19A /* SnapKit in Frameworks */ = {isa = PBXBuildFile; productRef = 326D21832B7F7C7D0057E19A /* SnapKit */; };
		326D21882B7F9BE10057E19A /* OnboardingView.swift in Sources */ = {isa = PBXBuildFile; fileRef = 326D21872B7F9BE10057E19A /* OnboardingView.swift */; };
		326D21902B7FA61A0057E19A /* Onboarding.swift in Sources */ = {isa = PBXBuildFile; fileRef = 326D218F2B7FA61A0057E19A /* Onboarding.swift */; };
		326D21922B7FA8BF0057E19A /* OnboardingVIewController.swift in Sources */ = {isa = PBXBuildFile; fileRef = 326D21912B7FA8BF0057E19A /* OnboardingVIewController.swift */; };
		326D21972B7FD4B00057E19A /* ControlButton.swift in Sources */ = {isa = PBXBuildFile; fileRef = 326D21962B7FD4B00057E19A /* ControlButton.swift */; };
		32C3C0072B80CC3E001A2665 /* PageViewController.swift in Sources */ = {isa = PBXBuildFile; fileRef = 32C3C0062B80CC3E001A2665 /* PageViewController.swift */; };
		32C3C00B2B80D517001A2665 /* CustomPageControl.swift in Sources */ = {isa = PBXBuildFile; fileRef = 32C3C00A2B80D517001A2665 /* CustomPageControl.swift */; };
/* End PBXBuildFile section */

/* Begin PBXFileReference section */
		321D6B362B8383DA005ADCCC /* PasswordInputView.swift */ = {isa = PBXFileReference; lastKnownFileType = sourcecode.swift; path = PasswordInputView.swift; sourceTree = "<group>"; };
		321D6B392B8385D5005ADCCC /* View+extension.swift */ = {isa = PBXFileReference; lastKnownFileType = sourcecode.swift; path = "View+extension.swift"; sourceTree = "<group>"; };
		321D6B3D2B838945005ADCCC /* EmailInputView.swift */ = {isa = PBXFileReference; lastKnownFileType = sourcecode.swift; path = EmailInputView.swift; sourceTree = "<group>"; };
		326B3C2C2B826A520031F888 /* LogInView.swift */ = {isa = PBXFileReference; lastKnownFileType = sourcecode.swift; path = LogInView.swift; sourceTree = "<group>"; };
		326D215E2B7F74F00057E19A /* LogIn.app */ = {isa = PBXFileReference; explicitFileType = wrapper.application; includeInIndex = 0; path = LogIn.app; sourceTree = BUILT_PRODUCTS_DIR; };
		326D21612B7F74F00057E19A /* AppDelegate.swift */ = {isa = PBXFileReference; lastKnownFileType = sourcecode.swift; path = AppDelegate.swift; sourceTree = "<group>"; };
		326D21632B7F74F00057E19A /* SceneDelegate.swift */ = {isa = PBXFileReference; lastKnownFileType = sourcecode.swift; path = SceneDelegate.swift; sourceTree = "<group>"; };
		326D21652B7F74F00057E19A /* WelocomeViewController.swift */ = {isa = PBXFileReference; lastKnownFileType = sourcecode.swift; path = WelocomeViewController.swift; sourceTree = "<group>"; };
		326D216A2B7F74F50057E19A /* Assets.xcassets */ = {isa = PBXFileReference; lastKnownFileType = folder.assetcatalog; path = Assets.xcassets; sourceTree = "<group>"; };
		326D216D2B7F74F50057E19A /* Base */ = {isa = PBXFileReference; lastKnownFileType = file.storyboard; name = Base; path = Base.lproj/LaunchScreen.storyboard; sourceTree = "<group>"; };
		326D216F2B7F74F50057E19A /* Info.plist */ = {isa = PBXFileReference; lastKnownFileType = text.plist.xml; path = Info.plist; sourceTree = "<group>"; };
		326D21792B7F77350057E19A /* WelcomeView.swift */ = {isa = PBXFileReference; lastKnownFileType = sourcecode.swift; path = WelcomeView.swift; sourceTree = "<group>"; };
		326D217B2B7F7A8C0057E19A /* UIConstants.swift */ = {isa = PBXFileReference; lastKnownFileType = sourcecode.swift; path = UIConstants.swift; sourceTree = "<group>"; };
		326D21872B7F9BE10057E19A /* OnboardingView.swift */ = {isa = PBXFileReference; lastKnownFileType = sourcecode.swift; path = OnboardingView.swift; sourceTree = "<group>"; };
		326D218F2B7FA61A0057E19A /* Onboarding.swift */ = {isa = PBXFileReference; lastKnownFileType = sourcecode.swift; path = Onboarding.swift; sourceTree = "<group>"; };
		326D21912B7FA8BF0057E19A /* OnboardingVIewController.swift */ = {isa = PBXFileReference; lastKnownFileType = sourcecode.swift; path = OnboardingVIewController.swift; sourceTree = "<group>"; };
		326D21962B7FD4B00057E19A /* ControlButton.swift */ = {isa = PBXFileReference; lastKnownFileType = sourcecode.swift; path = ControlButton.swift; sourceTree = "<group>"; };
		32C3C0062B80CC3E001A2665 /* PageViewController.swift */ = {isa = PBXFileReference; lastKnownFileType = sourcecode.swift; path = PageViewController.swift; sourceTree = "<group>"; };
		32C3C00A2B80D517001A2665 /* CustomPageControl.swift */ = {isa = PBXFileReference; lastKnownFileType = sourcecode.swift; path = CustomPageControl.swift; sourceTree = "<group>"; };
/* End PBXFileReference section */

/* Begin PBXFrameworksBuildPhase section */
		326D215B2B7F74F00057E19A /* Frameworks */ = {
			isa = PBXFrameworksBuildPhase;
			buildActionMask = 2147483647;
			files = (
				326D21842B7F7C7D0057E19A /* SnapKit in Frameworks */,
			);
			runOnlyForDeploymentPostprocessing = 0;
		};
/* End PBXFrameworksBuildPhase section */

/* Begin PBXGroup section */
		321D6B382B8385B8005ADCCC /* Extensions */ = {
			isa = PBXGroup;
			children = (
				321D6B392B8385D5005ADCCC /* View+extension.swift */,
			);
			path = Extensions;
			sourceTree = "<group>";
		};
		321D6B3B2B838891005ADCCC /* LogInView */ = {
			isa = PBXGroup;
			children = (
				321D6B362B8383DA005ADCCC /* PasswordInputView.swift */,
				321D6B3D2B838945005ADCCC /* EmailInputView.swift */,
			);
			path = LogInView;
			sourceTree = "<group>";
		};
		326D21552B7F74F00057E19A = {
			isa = PBXGroup;
			children = (
				326D21602B7F74F00057E19A /* LogIn */,
				326D215F2B7F74F00057E19A /* Products */,
			);
			sourceTree = "<group>";
		};
		326D215F2B7F74F00057E19A /* Products */ = {
			isa = PBXGroup;
			children = (
				326D215E2B7F74F00057E19A /* LogIn.app */,
			);
			name = Products;
			sourceTree = "<group>";
		};
		326D21602B7F74F00057E19A /* LogIn */ = {
			isa = PBXGroup;
			children = (
				326D21772B7F75F90057E19A /* App */,
				326D218D2B7FA6010057E19A /* Model */,
				326D21752B7F75EC0057E19A /* VIews */,
				326D21762B7F75F30057E19A /* Controllers */,
				321D6B382B8385B8005ADCCC /* Extensions */,
				326D21932B7FC6420057E19A /* Supplementary Views */,
				326D21782B7F75FE0057E19A /* Supporting */,
				326D217B2B7F7A8C0057E19A /* UIConstants.swift */,
			);
			path = LogIn;
			sourceTree = "<group>";
		};
		326D21752B7F75EC0057E19A /* VIews */ = {
			isa = PBXGroup;
			children = (
				326D21792B7F77350057E19A /* WelcomeView.swift */,
				326D21872B7F9BE10057E19A /* OnboardingView.swift */,
				326B3C2C2B826A520031F888 /* LogInView.swift */,
			);
			path = VIews;
			sourceTree = "<group>";
		};
		326D21762B7F75F30057E19A /* Controllers */ = {
			isa = PBXGroup;
			children = (
				326D21912B7FA8BF0057E19A /* OnboardingVIewController.swift */,
				326D21652B7F74F00057E19A /* WelocomeViewController.swift */,
				32C3C0062B80CC3E001A2665 /* PageViewController.swift */,
			);
			path = Controllers;
			sourceTree = "<group>";
		};
		326D21772B7F75F90057E19A /* App */ = {
			isa = PBXGroup;
			children = (
				326D21612B7F74F00057E19A /* AppDelegate.swift */,
				326D21632B7F74F00057E19A /* SceneDelegate.swift */,
			);
			path = App;
			sourceTree = "<group>";
		};
		326D21782B7F75FE0057E19A /* Supporting */ = {
			isa = PBXGroup;
			children = (
				326D216A2B7F74F50057E19A /* Assets.xcassets */,
				326D216F2B7F74F50057E19A /* Info.plist */,
				326D216C2B7F74F50057E19A /* LaunchScreen.storyboard */,
			);
			path = Supporting;
			sourceTree = "<group>";
		};
		326D218D2B7FA6010057E19A /* Model */ = {
			isa = PBXGroup;
			children = (
				326D218F2B7FA61A0057E19A /* Onboarding.swift */,
			);
			path = Model;
			sourceTree = "<group>";
		};
		326D21932B7FC6420057E19A /* Supplementary Views */ = {
			isa = PBXGroup;
			children = (
				321D6B3B2B838891005ADCCC /* LogInView */,
				326D21962B7FD4B00057E19A /* ControlButton.swift */,
				32C3C00A2B80D517001A2665 /* CustomPageControl.swift */,
			);
			path = "Supplementary Views";
			sourceTree = "<group>";
		};
/* End PBXGroup section */

/* Begin PBXNativeTarget section */
		326D215D2B7F74F00057E19A /* LogIn */ = {
			isa = PBXNativeTarget;
			buildConfigurationList = 326D21722B7F74F50057E19A /* Build configuration list for PBXNativeTarget "LogIn" */;
			buildPhases = (
				326D215A2B7F74F00057E19A /* Sources */,
				326D215B2B7F74F00057E19A /* Frameworks */,
				326D215C2B7F74F00057E19A /* Resources */,
			);
			buildRules = (
			);
			dependencies = (
			);
			name = LogIn;
			packageProductDependencies = (
				326D21832B7F7C7D0057E19A /* SnapKit */,
			);
			productName = LogIn;
			productReference = 326D215E2B7F74F00057E19A /* LogIn.app */;
			productType = "com.apple.product-type.application";
		};
/* End PBXNativeTarget section */

/* Begin PBXProject section */
		326D21562B7F74F00057E19A /* Project object */ = {
			isa = PBXProject;
			attributes = {
				BuildIndependentTargetsInParallel = 1;
				LastSwiftUpdateCheck = 1420;
				LastUpgradeCheck = 1420;
				TargetAttributes = {
					326D215D2B7F74F00057E19A = {
						CreatedOnToolsVersion = 14.2;
					};
				};
			};
			buildConfigurationList = 326D21592B7F74F00057E19A /* Build configuration list for PBXProject "LogIn" */;
			compatibilityVersion = "Xcode 14.0";
			developmentRegion = en;
			hasScannedForEncodings = 0;
			knownRegions = (
				en,
				Base,
			);
			mainGroup = 326D21552B7F74F00057E19A;
			packageReferences = (
				326D21822B7F7C7D0057E19A /* XCRemoteSwiftPackageReference "SnapKit" */,
			);
			productRefGroup = 326D215F2B7F74F00057E19A /* Products */;
			projectDirPath = "";
			projectRoot = "";
			targets = (
				326D215D2B7F74F00057E19A /* LogIn */,
			);
		};
/* End PBXProject section */

/* Begin PBXResourcesBuildPhase section */
		326D215C2B7F74F00057E19A /* Resources */ = {
			isa = PBXResourcesBuildPhase;
			buildActionMask = 2147483647;
			files = (
				326D216E2B7F74F50057E19A /* LaunchScreen.storyboard in Resources */,
				326D216B2B7F74F50057E19A /* Assets.xcassets in Resources */,
			);
			runOnlyForDeploymentPostprocessing = 0;
		};
/* End PBXResourcesBuildPhase section */

/* Begin PBXSourcesBuildPhase section */
		326D215A2B7F74F00057E19A /* Sources */ = {
			isa = PBXSourcesBuildPhase;
			buildActionMask = 2147483647;
			files = (
				326D21972B7FD4B00057E19A /* ControlButton.swift in Sources */,
				326D21662B7F74F00057E19A /* WelocomeViewController.swift in Sources */,
				321D6B3A2B8385D5005ADCCC /* View+extension.swift in Sources */,
				32C3C0072B80CC3E001A2665 /* PageViewController.swift in Sources */,
				326D21622B7F74F00057E19A /* AppDelegate.swift in Sources */,
				321D6B372B8383DA005ADCCC /* PasswordInputView.swift in Sources */,
				326D217C2B7F7A8C0057E19A /* UIConstants.swift in Sources */,
				326D21882B7F9BE10057E19A /* OnboardingView.swift in Sources */,
				326B3C2D2B826A520031F888 /* LogInView.swift in Sources */,
				326D217A2B7F77360057E19A /* WelcomeView.swift in Sources */,
				321D6B3E2B838945005ADCCC /* EmailInputView.swift in Sources */,
				326D21902B7FA61A0057E19A /* Onboarding.swift in Sources */,
				326D21922B7FA8BF0057E19A /* OnboardingVIewController.swift in Sources */,
				326D21642B7F74F00057E19A /* SceneDelegate.swift in Sources */,
				32C3C00B2B80D517001A2665 /* CustomPageControl.swift in Sources */,
			);
			runOnlyForDeploymentPostprocessing = 0;
		};
/* End PBXSourcesBuildPhase section */

/* Begin PBXVariantGroup section */
		326D216C2B7F74F50057E19A /* LaunchScreen.storyboard */ = {
			isa = PBXVariantGroup;
			children = (
				326D216D2B7F74F50057E19A /* Base */,
			);
			name = LaunchScreen.storyboard;
			sourceTree = "<group>";
		};
/* End PBXVariantGroup section */

/* Begin XCBuildConfiguration section */
		326D21702B7F74F50057E19A /* Debug */ = {
			isa = XCBuildConfiguration;
			buildSettings = {
				ALWAYS_SEARCH_USER_PATHS = NO;
				CLANG_ANALYZER_NONNULL = YES;
				CLANG_ANALYZER_NUMBER_OBJECT_CONVERSION = YES_AGGRESSIVE;
				CLANG_CXX_LANGUAGE_STANDARD = "gnu++20";
				CLANG_ENABLE_MODULES = YES;
				CLANG_ENABLE_OBJC_ARC = YES;
				CLANG_ENABLE_OBJC_WEAK = YES;
				CLANG_WARN_BLOCK_CAPTURE_AUTORELEASING = YES;
				CLANG_WARN_BOOL_CONVERSION = YES;
				CLANG_WARN_COMMA = YES;
				CLANG_WARN_CONSTANT_CONVERSION = YES;
				CLANG_WARN_DEPRECATED_OBJC_IMPLEMENTATIONS = YES;
				CLANG_WARN_DIRECT_OBJC_ISA_USAGE = YES_ERROR;
				CLANG_WARN_DOCUMENTATION_COMMENTS = YES;
				CLANG_WARN_EMPTY_BODY = YES;
				CLANG_WARN_ENUM_CONVERSION = YES;
				CLANG_WARN_INFINITE_RECURSION = YES;
				CLANG_WARN_INT_CONVERSION = YES;
				CLANG_WARN_NON_LITERAL_NULL_CONVERSION = YES;
				CLANG_WARN_OBJC_IMPLICIT_RETAIN_SELF = YES;
				CLANG_WARN_OBJC_LITERAL_CONVERSION = YES;
				CLANG_WARN_OBJC_ROOT_CLASS = YES_ERROR;
				CLANG_WARN_QUOTED_INCLUDE_IN_FRAMEWORK_HEADER = YES;
				CLANG_WARN_RANGE_LOOP_ANALYSIS = YES;
				CLANG_WARN_STRICT_PROTOTYPES = YES;
				CLANG_WARN_SUSPICIOUS_MOVE = YES;
				CLANG_WARN_UNGUARDED_AVAILABILITY = YES_AGGRESSIVE;
				CLANG_WARN_UNREACHABLE_CODE = YES;
				CLANG_WARN__DUPLICATE_METHOD_MATCH = YES;
				COPY_PHASE_STRIP = NO;
				DEBUG_INFORMATION_FORMAT = dwarf;
				ENABLE_STRICT_OBJC_MSGSEND = YES;
				ENABLE_TESTABILITY = YES;
				GCC_C_LANGUAGE_STANDARD = gnu11;
				GCC_DYNAMIC_NO_PIC = NO;
				GCC_NO_COMMON_BLOCKS = YES;
				GCC_OPTIMIZATION_LEVEL = 0;
				GCC_PREPROCESSOR_DEFINITIONS = (
					"DEBUG=1",
					"$(inherited)",
				);
				GCC_WARN_64_TO_32_BIT_CONVERSION = YES;
				GCC_WARN_ABOUT_RETURN_TYPE = YES_ERROR;
				GCC_WARN_UNDECLARED_SELECTOR = YES;
				GCC_WARN_UNINITIALIZED_AUTOS = YES_AGGRESSIVE;
				GCC_WARN_UNUSED_FUNCTION = YES;
				GCC_WARN_UNUSED_VARIABLE = YES;
				IPHONEOS_DEPLOYMENT_TARGET = 16.2;
				MTL_ENABLE_DEBUG_INFO = INCLUDE_SOURCE;
				MTL_FAST_MATH = YES;
				ONLY_ACTIVE_ARCH = YES;
				SDKROOT = iphoneos;
				SWIFT_ACTIVE_COMPILATION_CONDITIONS = DEBUG;
				SWIFT_OPTIMIZATION_LEVEL = "-Onone";
			};
			name = Debug;
		};
		326D21712B7F74F50057E19A /* Release */ = {
			isa = XCBuildConfiguration;
			buildSettings = {
				ALWAYS_SEARCH_USER_PATHS = NO;
				CLANG_ANALYZER_NONNULL = YES;
				CLANG_ANALYZER_NUMBER_OBJECT_CONVERSION = YES_AGGRESSIVE;
				CLANG_CXX_LANGUAGE_STANDARD = "gnu++20";
				CLANG_ENABLE_MODULES = YES;
				CLANG_ENABLE_OBJC_ARC = YES;
				CLANG_ENABLE_OBJC_WEAK = YES;
				CLANG_WARN_BLOCK_CAPTURE_AUTORELEASING = YES;
				CLANG_WARN_BOOL_CONVERSION = YES;
				CLANG_WARN_COMMA = YES;
				CLANG_WARN_CONSTANT_CONVERSION = YES;
				CLANG_WARN_DEPRECATED_OBJC_IMPLEMENTATIONS = YES;
				CLANG_WARN_DIRECT_OBJC_ISA_USAGE = YES_ERROR;
				CLANG_WARN_DOCUMENTATION_COMMENTS = YES;
				CLANG_WARN_EMPTY_BODY = YES;
				CLANG_WARN_ENUM_CONVERSION = YES;
				CLANG_WARN_INFINITE_RECURSION = YES;
				CLANG_WARN_INT_CONVERSION = YES;
				CLANG_WARN_NON_LITERAL_NULL_CONVERSION = YES;
				CLANG_WARN_OBJC_IMPLICIT_RETAIN_SELF = YES;
				CLANG_WARN_OBJC_LITERAL_CONVERSION = YES;
				CLANG_WARN_OBJC_ROOT_CLASS = YES_ERROR;
				CLANG_WARN_QUOTED_INCLUDE_IN_FRAMEWORK_HEADER = YES;
				CLANG_WARN_RANGE_LOOP_ANALYSIS = YES;
				CLANG_WARN_STRICT_PROTOTYPES = YES;
				CLANG_WARN_SUSPICIOUS_MOVE = YES;
				CLANG_WARN_UNGUARDED_AVAILABILITY = YES_AGGRESSIVE;
				CLANG_WARN_UNREACHABLE_CODE = YES;
				CLANG_WARN__DUPLICATE_METHOD_MATCH = YES;
				COPY_PHASE_STRIP = NO;
				DEBUG_INFORMATION_FORMAT = "dwarf-with-dsym";
				ENABLE_NS_ASSERTIONS = NO;
				ENABLE_STRICT_OBJC_MSGSEND = YES;
				GCC_C_LANGUAGE_STANDARD = gnu11;
				GCC_NO_COMMON_BLOCKS = YES;
				GCC_WARN_64_TO_32_BIT_CONVERSION = YES;
				GCC_WARN_ABOUT_RETURN_TYPE = YES_ERROR;
				GCC_WARN_UNDECLARED_SELECTOR = YES;
				GCC_WARN_UNINITIALIZED_AUTOS = YES_AGGRESSIVE;
				GCC_WARN_UNUSED_FUNCTION = YES;
				GCC_WARN_UNUSED_VARIABLE = YES;
				IPHONEOS_DEPLOYMENT_TARGET = 16.2;
				MTL_ENABLE_DEBUG_INFO = NO;
				MTL_FAST_MATH = YES;
				SDKROOT = iphoneos;
				SWIFT_COMPILATION_MODE = wholemodule;
				SWIFT_OPTIMIZATION_LEVEL = "-O";
				VALIDATE_PRODUCT = YES;
			};
			name = Release;
		};
		326D21732B7F74F50057E19A /* Debug */ = {
			isa = XCBuildConfiguration;
			buildSettings = {
				ASSETCATALOG_COMPILER_APPICON_NAME = AppIcon;
				ASSETCATALOG_COMPILER_GLOBAL_ACCENT_COLOR_NAME = AccentColor;
				CODE_SIGN_STYLE = Automatic;
				CURRENT_PROJECT_VERSION = 1;
				GENERATE_INFOPLIST_FILE = YES;
				INFOPLIST_FILE = LogIn/Supporting/Info.plist;
				INFOPLIST_KEY_UIApplicationSupportsIndirectInputEvents = YES;
				INFOPLIST_KEY_UILaunchStoryboardName = LaunchScreen;
				INFOPLIST_KEY_UISupportedInterfaceOrientations_iPad = "UIInterfaceOrientationPortrait UIInterfaceOrientationPortraitUpsideDown UIInterfaceOrientationLandscapeLeft UIInterfaceOrientationLandscapeRight";
				INFOPLIST_KEY_UISupportedInterfaceOrientations_iPhone = "UIInterfaceOrientationPortrait UIInterfaceOrientationLandscapeLeft UIInterfaceOrientationLandscapeRight";
				LD_RUNPATH_SEARCH_PATHS = (
					"$(inherited)",
					"@executable_path/Frameworks",
				);
				MARKETING_VERSION = 1.0;
				PRODUCT_BUNDLE_IDENTIFIER = exersice.com.LogIn;
				PRODUCT_NAME = "$(TARGET_NAME)";
				SWIFT_EMIT_LOC_STRINGS = YES;
				SWIFT_VERSION = 5.0;
				TARGETED_DEVICE_FAMILY = "1,2";
			};
			name = Debug;
		};
		326D21742B7F74F50057E19A /* Release */ = {
			isa = XCBuildConfiguration;
			buildSettings = {
				ASSETCATALOG_COMPILER_APPICON_NAME = AppIcon;
				ASSETCATALOG_COMPILER_GLOBAL_ACCENT_COLOR_NAME = AccentColor;
				CODE_SIGN_STYLE = Automatic;
				CURRENT_PROJECT_VERSION = 1;
				GENERATE_INFOPLIST_FILE = YES;
				INFOPLIST_FILE = LogIn/Supporting/Info.plist;
				INFOPLIST_KEY_UIApplicationSupportsIndirectInputEvents = YES;
				INFOPLIST_KEY_UILaunchStoryboardName = LaunchScreen;
				INFOPLIST_KEY_UISupportedInterfaceOrientations_iPad = "UIInterfaceOrientationPortrait UIInterfaceOrientationPortraitUpsideDown UIInterfaceOrientationLandscapeLeft UIInterfaceOrientationLandscapeRight";
				INFOPLIST_KEY_UISupportedInterfaceOrientations_iPhone = "UIInterfaceOrientationPortrait UIInterfaceOrientationLandscapeLeft UIInterfaceOrientationLandscapeRight";
				LD_RUNPATH_SEARCH_PATHS = (
					"$(inherited)",
					"@executable_path/Frameworks",
				);
				MARKETING_VERSION = 1.0;
				PRODUCT_BUNDLE_IDENTIFIER = exersice.com.LogIn;
				PRODUCT_NAME = "$(TARGET_NAME)";
				SWIFT_EMIT_LOC_STRINGS = YES;
				SWIFT_VERSION = 5.0;
				TARGETED_DEVICE_FAMILY = "1,2";
			};
			name = Release;
		};
/* End XCBuildConfiguration section */

/* Begin XCConfigurationList section */
		326D21592B7F74F00057E19A /* Build configuration list for PBXProject "LogIn" */ = {
			isa = XCConfigurationList;
			buildConfigurations = (
				326D21702B7F74F50057E19A /* Debug */,
				326D21712B7F74F50057E19A /* Release */,
			);
			defaultConfigurationIsVisible = 0;
			defaultConfigurationName = Release;
		};
		326D21722B7F74F50057E19A /* Build configuration list for PBXNativeTarget "LogIn" */ = {
			isa = XCConfigurationList;
			buildConfigurations = (
				326D21732B7F74F50057E19A /* Debug */,
				326D21742B7F74F50057E19A /* Release */,
			);
			defaultConfigurationIsVisible = 0;
			defaultConfigurationName = Release;
		};
/* End XCConfigurationList section */

/* Begin XCRemoteSwiftPackageReference section */
		326D21822B7F7C7D0057E19A /* XCRemoteSwiftPackageReference "SnapKit" */ = {
			isa = XCRemoteSwiftPackageReference;
			repositoryURL = "https://github.com/SnapKit/SnapKit";
			requirement = {
				kind = upToNextMajorVersion;
				minimumVersion = 5.0.0;
			};
		};
/* End XCRemoteSwiftPackageReference section */

/* Begin XCSwiftPackageProductDependency section */
		326D21832B7F7C7D0057E19A /* SnapKit */ = {
			isa = XCSwiftPackageProductDependency;
			package = 326D21822B7F7C7D0057E19A /* XCRemoteSwiftPackageReference "SnapKit" */;
			productName = SnapKit;
		};
/* End XCSwiftPackageProductDependency section */
	};
	rootObject = 326D21562B7F74F00057E19A /* Project object */;
}
